
Microsoft Visual Studio Solution File, Format Version 12.00
Project("{FAE04EC0-301F-11D3-BF4B-00C04F79EFBC}") = "DotNetAgentDev", "DotNetAgentDev\DotNetAgentDev.csproj", "{C79B0F76-3687-4F85-A2BF-4DA32D92C611}"
EndProject
Global
	GlobalSection(SolutionConfigurationPlatforms) = preSolution
		Debug|Any CPU = Debug|Any CPU
		Release|Any CPU = Release|Any CPU
	EndGlobalSection
	GlobalSection(ProjectConfigurationPlatforms) = postSolution
		{C79B0F76-3687-4F85-A2BF-4DA32D92C611}.Debug|Any CPU.ActiveCfg = Debug|Any CPU
		{C79B0F76-3687-4F85-A2BF-4DA32D92C611}.Debug|Any CPU.Build.0 = Debug|Any CPU
		{C79B0F76-3687-4F85-A2BF-4DA32D92C611}.Release|Any CPU.ActiveCfg = Release|Any CPU
		{C79B0F76-3687-4F85-A2BF-4DA32D92C611}.Release|Any CPU.Build.0 = Release|Any CPU
	EndGlobalSection
EndGlobal
